# This file is automatically @generated by Poetry 1.8.4 and should not be changed by hand.

[[package]]
name = "slack-sdk"
version = "3.31.0"
description = "The Slack API Platform SDK for Python"
optional = false
python-versions = ">=3.6"
files = [
    {file = "slack_sdk-3.31.0-py2.py3-none-any.whl", hash = "sha256:a120cc461e8ebb7d9175f171dbe0ded37a6878d9f7b96b28e4bad1227399047b"},
    {file = "slack_sdk-3.31.0.tar.gz", hash = "sha256:740d2f9c49cbfcbd46fca56b4be9d527934c225312aac18fd2c0fca0ef6bc935"},
]

[package.extras]
optional = ["SQLAlchemy (>=1.4,<3)", "aiodns (>1.0)", "aiohttp (>=3.7.3,<4)", "boto3 (<=2)", "websocket-client (>=1,<2)", "websockets (>=9.1,<13)"]

[metadata]
lock-version = "2.0"
python-versions = "^3.12"
content-hash = "01df9068d5d71f536939d15e0c81679fab2898ca14684b9ebf8ea4d1b4133e4c"
